// !$*UTF8*$!
{
	archiveVersion = 1;
	classes = {
	};
	objectVersion = 56;
	objects = {

/* Begin PBXBuildFile section */
		2D639A5C2CF249C400C6E69A /* AppDelegate.swift in Sources */ = {isa = PBXBuildFile; fileRef = 2D639A5B2CF249C400C6E69A /* AppDelegate.swift */; };
		2D639A652CF249C700C6E69A /* Assets.xcassets in Resources */ = {isa = PBXBuildFile; fileRef = 2D639A642CF249C700C6E69A /* Assets.xcassets */; };
		2D639A682CF249C700C6E69A /* LaunchScreen.storyboard in Resources */ = {isa = PBXBuildFile; fileRef = 2D639A662CF249C700C6E69A /* LaunchScreen.storyboard */; };
		2D639A712CF24C6B00C6E69A /* TinyConstraints in Frameworks */ = {isa = PBXBuildFile; productRef = 2D639A702CF24C6B00C6E69A /* TinyConstraints */; };
		2D639A782CF2510700C6E69A /* Animator.swift in Sources */ = {isa = PBXBuildFile; fileRef = 2D639A772CF2510700C6E69A /* Animator.swift */; };
		2D639A7A2CF2511400C6E69A /* Router.swift in Sources */ = {isa = PBXBuildFile; fileRef = 2D639A792CF2511400C6E69A /* Router.swift */; };
		2D639A7C2CF2513900C6E69A /* ModalTransition.swift in Sources */ = {isa = PBXBuildFile; fileRef = 2D639A7B2CF2513900C6E69A /* ModalTransition.swift */; };
		2D639A7E2CF2519600C6E69A /* PlaceOnWindowTransition.swift in Sources */ = {isa = PBXBuildFile; fileRef = 2D639A7D2CF2519600C6E69A /* PlaceOnWindowTransition.swift */; };
		2D639A802CF251A700C6E69A /* PushTransition.swift in Sources */ = {isa = PBXBuildFile; fileRef = 2D639A7F2CF251A700C6E69A /* PushTransition.swift */; };
		2D639A822CF251B800C6E69A /* Transition.swift in Sources */ = {isa = PBXBuildFile; fileRef = 2D639A812CF251B800C6E69A /* Transition.swift */; };
		2D639A842CF251D200C6E69A /* AppRouter.swift in Sources */ = {isa = PBXBuildFile; fileRef = 2D639A832CF251D200C6E69A /* AppRouter.swift */; };
		2D639A8A2CF2523700C6E69A /* BaseViewController.swift in Sources */ = {isa = PBXBuildFile; fileRef = 2D639A872CF2523700C6E69A /* BaseViewController.swift */; };
		2D639A8B2CF2523700C6E69A /* BaseViewModel.swift in Sources */ = {isa = PBXBuildFile; fileRef = 2D639A882CF2523700C6E69A /* BaseViewModel.swift */; };
		2D639A902CF2531600C6E69A /* HomeRouter.swift in Sources */ = {isa = PBXBuildFile; fileRef = 2D639A8D2CF2531600C6E69A /* HomeRouter.swift */; };
		2D639A912CF2531600C6E69A /* HomeViewController.swift in Sources */ = {isa = PBXBuildFile; fileRef = 2D639A8E2CF2531600C6E69A /* HomeViewController.swift */; };
		2D639A922CF2531600C6E69A /* HomeViewModel.swift in Sources */ = {isa = PBXBuildFile; fileRef = 2D639A8F2CF2531600C6E69A /* HomeViewModel.swift */; };
		2D639A942CF2532300C6E69A /* HomeRoute.swift in Sources */ = {isa = PBXBuildFile; fileRef = 2D639A932CF2532300C6E69A /* HomeRoute.swift */; };
		2D639A9B2CF256AE00C6E69A /* RegisterRouter.swift in Sources */ = {isa = PBXBuildFile; fileRef = 2D639A982CF256AE00C6E69A /* RegisterRouter.swift */; };
		2D639A9C2CF256AE00C6E69A /* RegisterViewController.swift in Sources */ = {isa = PBXBuildFile; fileRef = 2D639A992CF256AE00C6E69A /* RegisterViewController.swift */; };
		2D639A9D2CF256AE00C6E69A /* RegisterViewModel.swift in Sources */ = {isa = PBXBuildFile; fileRef = 2D639A9A2CF256AE00C6E69A /* RegisterViewModel.swift */; };
		2D639AA02CF257F600C6E69A /* RegisterRoute.swift in Sources */ = {isa = PBXBuildFile; fileRef = 2D639A9F2CF257F600C6E69A /* RegisterRoute.swift */; };
		2D639AA42CF25A7B00C6E69A /* FloatLabelTextField.swift in Sources */ = {isa = PBXBuildFile; fileRef = 2D639AA32CF25A7B00C6E69A /* FloatLabelTextField.swift */; };
		2D639AAB2CF2699400C6E69A /* LocalTexts.swift in Sources */ = {isa = PBXBuildFile; fileRef = 2D639AAA2CF2699400C6E69A /* LocalTexts.swift */; };
		8966CD3E2CF3712100196AE3 /* AuthService.swift in Sources */ = {isa = PBXBuildFile; fileRef = 8966CD3D2CF3712100196AE3 /* AuthService.swift */; };
		8966CD432CF3802F00196AE3 /* Validator.swift in Sources */ = {isa = PBXBuildFile; fileRef = 8966CD422CF3802F00196AE3 /* Validator.swift */; };
		8966CD492CF384A200196AE3 /* FirebaseAuth in Frameworks */ = {isa = PBXBuildFile; productRef = 8966CD482CF384A200196AE3 /* FirebaseAuth */; };
		8966CD4B2CF384A200196AE3 /* FirebaseFirestore in Frameworks */ = {isa = PBXBuildFile; productRef = 8966CD4A2CF384A200196AE3 /* FirebaseFirestore */; };
		8966CD4D2CF384B600196AE3 /* FirebaseCore in Frameworks */ = {isa = PBXBuildFile; productRef = 8966CD4C2CF384B600196AE3 /* FirebaseCore */; };
		8966CD512CF3B61D00196AE3 /* RegisterUserRequest.swift in Sources */ = {isa = PBXBuildFile; fileRef = 8966CD502CF3B61D00196AE3 /* RegisterUserRequest.swift */; };
		8966CD542CF3B8A900196AE3 /* LoginRequest.swift in Sources */ = {isa = PBXBuildFile; fileRef = 8966CD532CF3B8A900196AE3 /* LoginRequest.swift */; };
		8966CD562CF3BAAD00196AE3 /* User.swift in Sources */ = {isa = PBXBuildFile; fileRef = 8966CD552CF3BAAD00196AE3 /* User.swift */; };
		8966CD582CF3BC6B00196AE3 /* AlertManager.swift in Sources */ = {isa = PBXBuildFile; fileRef = 8966CD572CF3BC6B00196AE3 /* AlertManager.swift */; };
		8966CD5B2CF3BEDD00196AE3 /* LoginViewController.swift in Sources */ = {isa = PBXBuildFile; fileRef = 8966CD5A2CF3BEDD00196AE3 /* LoginViewController.swift */; };
		8966CD5D2CF3BF4900196AE3 /* LoginViewModel.swift in Sources */ = {isa = PBXBuildFile; fileRef = 8966CD5C2CF3BF4900196AE3 /* LoginViewModel.swift */; };
		8966CD5F2CF3BF9200196AE3 /* LoginRouter.swift in Sources */ = {isa = PBXBuildFile; fileRef = 8966CD5E2CF3BF9200196AE3 /* LoginRouter.swift */; };
		8966CD612CF3BFB000196AE3 /* LoginRoute.swift in Sources */ = {isa = PBXBuildFile; fileRef = 8966CD602CF3BFB000196AE3 /* LoginRoute.swift */; };
		8966CD632CF3C6CF00196AE3 /* GoogleService-Info.plist in Resources */ = {isa = PBXBuildFile; fileRef = 8966CD622CF3C6CF00196AE3 /* GoogleService-Info.plist */; };
		8966CD662CF4104900196AE3 /* ActivityIndicatorProtocol.swift in Sources */ = {isa = PBXBuildFile; fileRef = 8966CD652CF4104900196AE3 /* ActivityIndicatorProtocol.swift */; };
		8966CD682CF4105A00196AE3 /* LoadingProtocol.swift in Sources */ = {isa = PBXBuildFile; fileRef = 8966CD672CF4105A00196AE3 /* LoadingProtocol.swift */; };
		8966CD6A2CF4107100196AE3 /* BlockingActivityIndicator.swift in Sources */ = {isa = PBXBuildFile; fileRef = 8966CD692CF4107100196AE3 /* BlockingActivityIndicator.swift */; };
		8966CD6E2CF413C400196AE3 /* Closures.swift in Sources */ = {isa = PBXBuildFile; fileRef = 8966CD6D2CF413C400196AE3 /* Closures.swift */; };
		8966CD712CF4186200196AE3 /* ActivityIndicatorView.swift in Sources */ = {isa = PBXBuildFile; fileRef = 8966CD702CF4186200196AE3 /* ActivityIndicatorView.swift */; };
		8966CD752CF41C9C00196AE3 /* SwiftEntryKit in Frameworks */ = {isa = PBXBuildFile; productRef = 8966CD742CF41C9C00196AE3 /* SwiftEntryKit */; };
		8966CD772CF41D8200196AE3 /* ToastPresenter.swift in Sources */ = {isa = PBXBuildFile; fileRef = 8966CD762CF41D8200196AE3 /* ToastPresenter.swift */; };
		8966CD792CF41DA200196AE3 /* ToastWarningView.swift in Sources */ = {isa = PBXBuildFile; fileRef = 8966CD782CF41DA200196AE3 /* ToastWarningView.swift */; };
		8966CD7B2CF4207700196AE3 /* Validation.swift in Sources */ = {isa = PBXBuildFile; fileRef = 8966CD7A2CF4207700196AE3 /* Validation.swift */; };
		8966CD7E2CF439D500196AE3 /* WalkthroughViewController.swift in Sources */ = {isa = PBXBuildFile; fileRef = 8966CD7D2CF439D500196AE3 /* WalkthroughViewController.swift */; };
		8966CD802CF439F100196AE3 /* WalkthroughViewModel.swift in Sources */ = {isa = PBXBuildFile; fileRef = 8966CD7F2CF439F100196AE3 /* WalkthroughViewModel.swift */; };
		8966CD822CF439FD00196AE3 /* WalkthroughRouter.swift in Sources */ = {isa = PBXBuildFile; fileRef = 8966CD812CF439FD00196AE3 /* WalkthroughRouter.swift */; };
		8966CD842CF43A0600196AE3 /* WalkthroughRoute.swift in Sources */ = {isa = PBXBuildFile; fileRef = 8966CD832CF43A0600196AE3 /* WalkthroughRoute.swift */; };
		8966CD872CF4415000196AE3 /* WalkthroughCell.swift in Sources */ = {isa = PBXBuildFile; fileRef = 8966CD862CF4415000196AE3 /* WalkthroughCell.swift */; };
		8966CD8A2CF442DB00196AE3 /* ReusableView.swift in Sources */ = {isa = PBXBuildFile; fileRef = 8966CD892CF442DB00196AE3 /* ReusableView.swift */; };
		8966CD8C2CF44A0B00196AE3 /* WalkthroughCellModel.swift in Sources */ = {isa = PBXBuildFile; fileRef = 8966CD8B2CF44A0B00196AE3 /* WalkthroughCellModel.swift */; };
		8966CD8F2CF44BC900196AE3 /* PageControl.swift in Sources */ = {isa = PBXBuildFile; fileRef = 8966CD8E2CF44BC900196AE3 /* PageControl.swift */; };
		8966CD922CF4512500196AE3 /* UICollectionView+Extensions.swift in Sources */ = {isa = PBXBuildFile; fileRef = 8966CD912CF4512500196AE3 /* UICollectionView+Extensions.swift */; };
/* End PBXBuildFile section */

/* Begin PBXFileReference section */
		2D639A582CF249C400C6E69A /* LearnConnect.app */ = {isa = PBXFileReference; explicitFileType = wrapper.application; includeInIndex = 0; path = LearnConnect.app; sourceTree = BUILT_PRODUCTS_DIR; };
		2D639A5B2CF249C400C6E69A /* AppDelegate.swift */ = {isa = PBXFileReference; lastKnownFileType = sourcecode.swift; path = AppDelegate.swift; sourceTree = "<group>"; };
		2D639A642CF249C700C6E69A /* Assets.xcassets */ = {isa = PBXFileReference; lastKnownFileType = folder.assetcatalog; path = Assets.xcassets; sourceTree = "<group>"; };
		2D639A672CF249C700C6E69A /* Base */ = {isa = PBXFileReference; lastKnownFileType = file.storyboard; name = Base; path = Base.lproj/LaunchScreen.storyboard; sourceTree = "<group>"; };
		2D639A692CF249C700C6E69A /* Info.plist */ = {isa = PBXFileReference; lastKnownFileType = text.plist.xml; path = Info.plist; sourceTree = "<group>"; };
		2D639A772CF2510700C6E69A /* Animator.swift */ = {isa = PBXFileReference; lastKnownFileType = sourcecode.swift; path = Animator.swift; sourceTree = "<group>"; };
		2D639A792CF2511400C6E69A /* Router.swift */ = {isa = PBXFileReference; lastKnownFileType = sourcecode.swift; path = Router.swift; sourceTree = "<group>"; };
		2D639A7B2CF2513900C6E69A /* ModalTransition.swift */ = {isa = PBXFileReference; lastKnownFileType = sourcecode.swift; path = ModalTransition.swift; sourceTree = "<group>"; };
		2D639A7D2CF2519600C6E69A /* PlaceOnWindowTransition.swift */ = {isa = PBXFileReference; lastKnownFileType = sourcecode.swift; path = PlaceOnWindowTransition.swift; sourceTree = "<group>"; };
		2D639A7F2CF251A700C6E69A /* PushTransition.swift */ = {isa = PBXFileReference; lastKnownFileType = sourcecode.swift; path = PushTransition.swift; sourceTree = "<group>"; };
		2D639A812CF251B800C6E69A /* Transition.swift */ = {isa = PBXFileReference; lastKnownFileType = sourcecode.swift; path = Transition.swift; sourceTree = "<group>"; };
		2D639A832CF251D200C6E69A /* AppRouter.swift */ = {isa = PBXFileReference; lastKnownFileType = sourcecode.swift; path = AppRouter.swift; sourceTree = "<group>"; };
		2D639A872CF2523700C6E69A /* BaseViewController.swift */ = {isa = PBXFileReference; lastKnownFileType = sourcecode.swift; path = BaseViewController.swift; sourceTree = "<group>"; };
		2D639A882CF2523700C6E69A /* BaseViewModel.swift */ = {isa = PBXFileReference; lastKnownFileType = sourcecode.swift; path = BaseViewModel.swift; sourceTree = "<group>"; };
		2D639A8D2CF2531600C6E69A /* HomeRouter.swift */ = {isa = PBXFileReference; lastKnownFileType = sourcecode.swift; path = HomeRouter.swift; sourceTree = "<group>"; };
		2D639A8E2CF2531600C6E69A /* HomeViewController.swift */ = {isa = PBXFileReference; lastKnownFileType = sourcecode.swift; path = HomeViewController.swift; sourceTree = "<group>"; };
		2D639A8F2CF2531600C6E69A /* HomeViewModel.swift */ = {isa = PBXFileReference; lastKnownFileType = sourcecode.swift; path = HomeViewModel.swift; sourceTree = "<group>"; };
		2D639A932CF2532300C6E69A /* HomeRoute.swift */ = {isa = PBXFileReference; lastKnownFileType = sourcecode.swift; path = HomeRoute.swift; sourceTree = "<group>"; };
		2D639A982CF256AE00C6E69A /* RegisterRouter.swift */ = {isa = PBXFileReference; lastKnownFileType = sourcecode.swift; path = RegisterRouter.swift; sourceTree = "<group>"; };
		2D639A992CF256AE00C6E69A /* RegisterViewController.swift */ = {isa = PBXFileReference; lastKnownFileType = sourcecode.swift; path = RegisterViewController.swift; sourceTree = "<group>"; };
		2D639A9A2CF256AE00C6E69A /* RegisterViewModel.swift */ = {isa = PBXFileReference; lastKnownFileType = sourcecode.swift; path = RegisterViewModel.swift; sourceTree = "<group>"; };
		2D639A9F2CF257F600C6E69A /* RegisterRoute.swift */ = {isa = PBXFileReference; lastKnownFileType = sourcecode.swift; path = RegisterRoute.swift; sourceTree = "<group>"; };
		2D639AA32CF25A7B00C6E69A /* FloatLabelTextField.swift */ = {isa = PBXFileReference; lastKnownFileType = sourcecode.swift; path = FloatLabelTextField.swift; sourceTree = "<group>"; };
		2D639AAA2CF2699400C6E69A /* LocalTexts.swift */ = {isa = PBXFileReference; lastKnownFileType = sourcecode.swift; path = LocalTexts.swift; sourceTree = "<group>"; };
		8966CD3D2CF3712100196AE3 /* AuthService.swift */ = {isa = PBXFileReference; lastKnownFileType = sourcecode.swift; path = AuthService.swift; sourceTree = "<group>"; };
		8966CD422CF3802F00196AE3 /* Validator.swift */ = {isa = PBXFileReference; lastKnownFileType = sourcecode.swift; path = Validator.swift; sourceTree = "<group>"; };
		8966CD502CF3B61D00196AE3 /* RegisterUserRequest.swift */ = {isa = PBXFileReference; lastKnownFileType = sourcecode.swift; path = RegisterUserRequest.swift; sourceTree = "<group>"; };
		8966CD532CF3B8A900196AE3 /* LoginRequest.swift */ = {isa = PBXFileReference; lastKnownFileType = sourcecode.swift; path = LoginRequest.swift; sourceTree = "<group>"; };
		8966CD552CF3BAAD00196AE3 /* User.swift */ = {isa = PBXFileReference; lastKnownFileType = sourcecode.swift; path = User.swift; sourceTree = "<group>"; };
		8966CD572CF3BC6B00196AE3 /* AlertManager.swift */ = {isa = PBXFileReference; lastKnownFileType = sourcecode.swift; path = AlertManager.swift; sourceTree = "<group>"; };
		8966CD5A2CF3BEDD00196AE3 /* LoginViewController.swift */ = {isa = PBXFileReference; lastKnownFileType = sourcecode.swift; path = LoginViewController.swift; sourceTree = "<group>"; };
		8966CD5C2CF3BF4900196AE3 /* LoginViewModel.swift */ = {isa = PBXFileReference; lastKnownFileType = sourcecode.swift; path = LoginViewModel.swift; sourceTree = "<group>"; };
		8966CD5E2CF3BF9200196AE3 /* LoginRouter.swift */ = {isa = PBXFileReference; lastKnownFileType = sourcecode.swift; path = LoginRouter.swift; sourceTree = "<group>"; };
		8966CD602CF3BFB000196AE3 /* LoginRoute.swift */ = {isa = PBXFileReference; lastKnownFileType = sourcecode.swift; path = LoginRoute.swift; sourceTree = "<group>"; };
		8966CD622CF3C6CF00196AE3 /* GoogleService-Info.plist */ = {isa = PBXFileReference; lastKnownFileType = text.plist.xml; path = "GoogleService-Info.plist"; sourceTree = "<group>"; };
		8966CD652CF4104900196AE3 /* ActivityIndicatorProtocol.swift */ = {isa = PBXFileReference; lastKnownFileType = sourcecode.swift; path = ActivityIndicatorProtocol.swift; sourceTree = "<group>"; };
		8966CD672CF4105A00196AE3 /* LoadingProtocol.swift */ = {isa = PBXFileReference; lastKnownFileType = sourcecode.swift; path = LoadingProtocol.swift; sourceTree = "<group>"; };
		8966CD692CF4107100196AE3 /* BlockingActivityIndicator.swift */ = {isa = PBXFileReference; lastKnownFileType = sourcecode.swift; path = BlockingActivityIndicator.swift; sourceTree = "<group>"; };
		8966CD6D2CF413C400196AE3 /* Closures.swift */ = {isa = PBXFileReference; lastKnownFileType = sourcecode.swift; path = Closures.swift; sourceTree = "<group>"; };
		8966CD702CF4186200196AE3 /* ActivityIndicatorView.swift */ = {isa = PBXFileReference; lastKnownFileType = sourcecode.swift; path = ActivityIndicatorView.swift; sourceTree = "<group>"; };
		8966CD762CF41D8200196AE3 /* ToastPresenter.swift */ = {isa = PBXFileReference; lastKnownFileType = sourcecode.swift; path = ToastPresenter.swift; sourceTree = "<group>"; };
		8966CD782CF41DA200196AE3 /* ToastWarningView.swift */ = {isa = PBXFileReference; lastKnownFileType = sourcecode.swift; path = ToastWarningView.swift; sourceTree = "<group>"; };
		8966CD7A2CF4207700196AE3 /* Validation.swift */ = {isa = PBXFileReference; lastKnownFileType = sourcecode.swift; path = Validation.swift; sourceTree = "<group>"; };
		8966CD7D2CF439D500196AE3 /* WalkthroughViewController.swift */ = {isa = PBXFileReference; lastKnownFileType = sourcecode.swift; path = WalkthroughViewController.swift; sourceTree = "<group>"; };
		8966CD7F2CF439F100196AE3 /* WalkthroughViewModel.swift */ = {isa = PBXFileReference; lastKnownFileType = sourcecode.swift; path = WalkthroughViewModel.swift; sourceTree = "<group>"; };
		8966CD812CF439FD00196AE3 /* WalkthroughRouter.swift */ = {isa = PBXFileReference; lastKnownFileType = sourcecode.swift; path = WalkthroughRouter.swift; sourceTree = "<group>"; };
		8966CD832CF43A0600196AE3 /* WalkthroughRoute.swift */ = {isa = PBXFileReference; lastKnownFileType = sourcecode.swift; path = WalkthroughRoute.swift; sourceTree = "<group>"; };
		8966CD862CF4415000196AE3 /* WalkthroughCell.swift */ = {isa = PBXFileReference; lastKnownFileType = sourcecode.swift; path = WalkthroughCell.swift; sourceTree = "<group>"; };
		8966CD892CF442DB00196AE3 /* ReusableView.swift */ = {isa = PBXFileReference; lastKnownFileType = sourcecode.swift; path = ReusableView.swift; sourceTree = "<group>"; };
		8966CD8B2CF44A0B00196AE3 /* WalkthroughCellModel.swift */ = {isa = PBXFileReference; lastKnownFileType = sourcecode.swift; path = WalkthroughCellModel.swift; sourceTree = "<group>"; };
		8966CD8E2CF44BC900196AE3 /* PageControl.swift */ = {isa = PBXFileReference; lastKnownFileType = sourcecode.swift; path = PageControl.swift; sourceTree = "<group>"; };
		8966CD912CF4512500196AE3 /* UICollectionView+Extensions.swift */ = {isa = PBXFileReference; lastKnownFileType = sourcecode.swift; path = "UICollectionView+Extensions.swift"; sourceTree = "<group>"; };
/* End PBXFileReference section */

/* Begin PBXFrameworksBuildPhase section */
		2D639A552CF249C400C6E69A /* Frameworks */ = {
			isa = PBXFrameworksBuildPhase;
			buildActionMask = 2147483647;
			files = (
				2D639A712CF24C6B00C6E69A /* TinyConstraints in Frameworks */,
				8966CD492CF384A200196AE3 /* FirebaseAuth in Frameworks */,
				8966CD752CF41C9C00196AE3 /* SwiftEntryKit in Frameworks */,
				8966CD4D2CF384B600196AE3 /* FirebaseCore in Frameworks */,
				8966CD4B2CF384A200196AE3 /* FirebaseFirestore in Frameworks */,
			);
			runOnlyForDeploymentPostprocessing = 0;
		};
/* End PBXFrameworksBuildPhase section */

/* Begin PBXGroup section */
		2D639A4F2CF249C400C6E69A = {
			isa = PBXGroup;
			children = (
				2D639A5A2CF249C400C6E69A /* LearnConnect */,
				8966CD472CF384A200196AE3 /* Frameworks */,
				2D639A592CF249C400C6E69A /* Products */,
			);
			sourceTree = "<group>";
		};
		2D639A592CF249C400C6E69A /* Products */ = {
			isa = PBXGroup;
			children = (
				2D639A582CF249C400C6E69A /* LearnConnect.app */,
			);
			name = Products;
			sourceTree = "<group>";
		};
		2D639A5A2CF249C400C6E69A /* LearnConnect */ = {
			isa = PBXGroup;
			children = (
				8966CD6B2CF413A400196AE3 /* Utilities */,
				8966CD4E2CF3B5D500196AE3 /* DataProvider */,
				8966CD3F2CF37FF800196AE3 /* Validation */,
				2D639AA12CF25A5300C6E69A /* UIComponents */,
				8966CD3B2CF370F000196AE3 /* Screen */,
				2D639A8C2CF252A100C6E69A /* Home */,
				2D639A722CF250C500C6E69A /* Routing */,
				2D639AA82CF267EA00C6E69A /* Assets */,
				8966CD392CF36EC500196AE3 /* AppDelegate */,
				2D639A662CF249C700C6E69A /* LaunchScreen.storyboard */,
				2D639A692CF249C700C6E69A /* Info.plist */,
			);
			path = LearnConnect;
			sourceTree = "<group>";
		};
		2D639A722CF250C500C6E69A /* Routing */ = {
			isa = PBXGroup;
			children = (
				2D639A752CF250E900C6E69A /* Transitions */,
				2D639A742CF250E200C6E69A /* Routers */,
				2D639A732CF250DD00C6E69A /* Core */,
			);
			path = Routing;
			sourceTree = "<group>";
		};
		2D639A732CF250DD00C6E69A /* Core */ = {
			isa = PBXGroup;
			children = (
				2D639A772CF2510700C6E69A /* Animator.swift */,
				2D639A792CF2511400C6E69A /* Router.swift */,
			);
			path = Core;
			sourceTree = "<group>";
		};
		2D639A742CF250E200C6E69A /* Routers */ = {
			isa = PBXGroup;
			children = (
				2D639A832CF251D200C6E69A /* AppRouter.swift */,
			);
			path = Routers;
			sourceTree = "<group>";
		};
		2D639A752CF250E900C6E69A /* Transitions */ = {
			isa = PBXGroup;
			children = (
				2D639A7B2CF2513900C6E69A /* ModalTransition.swift */,
				2D639A7D2CF2519600C6E69A /* PlaceOnWindowTransition.swift */,
				2D639A7F2CF251A700C6E69A /* PushTransition.swift */,
				2D639A812CF251B800C6E69A /* Transition.swift */,
			);
			path = Transitions;
			sourceTree = "<group>";
		};
		2D639A852CF2521F00C6E69A /* Base */ = {
			isa = PBXGroup;
			children = (
				2D639A872CF2523700C6E69A /* BaseViewController.swift */,
				2D639A882CF2523700C6E69A /* BaseViewModel.swift */,
			);
			path = Base;
			sourceTree = "<group>";
		};
		2D639A8C2CF252A100C6E69A /* Home */ = {
			isa = PBXGroup;
			children = (
				2D639A8E2CF2531600C6E69A /* HomeViewController.swift */,
				2D639A8F2CF2531600C6E69A /* HomeViewModel.swift */,
				2D639A8D2CF2531600C6E69A /* HomeRouter.swift */,
				2D639A932CF2532300C6E69A /* HomeRoute.swift */,
			);
			path = Home;
			sourceTree = "<group>";
		};
		2D639A962CF2568800C6E69A /* Auth */ = {
			isa = PBXGroup;
			children = (
				8966CD592CF3BEC000196AE3 /* Login */,
				2D639A972CF2568C00C6E69A /* Register */,
			);
			path = Auth;
			sourceTree = "<group>";
		};
		2D639A972CF2568C00C6E69A /* Register */ = {
			isa = PBXGroup;
			children = (
				2D639A992CF256AE00C6E69A /* RegisterViewController.swift */,
				2D639A9A2CF256AE00C6E69A /* RegisterViewModel.swift */,
				2D639A982CF256AE00C6E69A /* RegisterRouter.swift */,
				2D639A9F2CF257F600C6E69A /* RegisterRoute.swift */,
			);
			path = Register;
			sourceTree = "<group>";
		};
		2D639AA12CF25A5300C6E69A /* UIComponents */ = {
			isa = PBXGroup;
			children = (
				8966CD902CF4511600196AE3 /* Extensions */,
				8966CD8D2CF44BB800196AE3 /* UIPageControl */,
				8966CD882CF442CC00196AE3 /* Protocols */,
				8966CD852CF440D100196AE3 /* WalkthroughCell */,
				8966CD722CF41C1700196AE3 /* Toast */,
				8966CD6F2CF4184F00196AE3 /* UIActivityIndicatorView */,
				8966CD642CF4103700196AE3 /* Loading */,
				2D639AA22CF25A5F00C6E69A /* FloatTextField */,
			);
			path = UIComponents;
			sourceTree = "<group>";
		};
		2D639AA22CF25A5F00C6E69A /* FloatTextField */ = {
			isa = PBXGroup;
			children = (
				2D639AA32CF25A7B00C6E69A /* FloatLabelTextField.swift */,
			);
			name = FloatTextField;
			sourceTree = "<group>";
		};
		2D639AA82CF267EA00C6E69A /* Assets */ = {
			isa = PBXGroup;
			children = (
				2D639A642CF249C700C6E69A /* Assets.xcassets */,
			);
			path = Assets;
			sourceTree = "<group>";
		};
		8966CD392CF36EC500196AE3 /* AppDelegate */ = {
			isa = PBXGroup;
			children = (
				8966CD622CF3C6CF00196AE3 /* GoogleService-Info.plist */,
				2D639A5B2CF249C400C6E69A /* AppDelegate.swift */,
			);
			path = AppDelegate;
			sourceTree = "<group>";
		};
		8966CD3B2CF370F000196AE3 /* Screen */ = {
			isa = PBXGroup;
			children = (
				8966CD7C2CF439A300196AE3 /* Walkthrough */,
				2D639A852CF2521F00C6E69A /* Base */,
				2D639A962CF2568800C6E69A /* Auth */,
			);
			path = Screen;
			sourceTree = "<group>";
		};
		8966CD3C2CF370FD00196AE3 /* AuthService */ = {
			isa = PBXGroup;
			children = (
				8966CD3D2CF3712100196AE3 /* AuthService.swift */,
			);
			path = AuthService;
			sourceTree = "<group>";
		};
		8966CD3F2CF37FF800196AE3 /* Validation */ = {
			isa = PBXGroup;
			children = (
				8966CD422CF3802F00196AE3 /* Validator.swift */,
				8966CD572CF3BC6B00196AE3 /* AlertManager.swift */,
				8966CD7A2CF4207700196AE3 /* Validation.swift */,
			);
			path = Validation;
			sourceTree = "<group>";
		};
		8966CD472CF384A200196AE3 /* Frameworks */ = {
			isa = PBXGroup;
			children = (
			);
			name = Frameworks;
			sourceTree = "<group>";
		};
		8966CD4E2CF3B5D500196AE3 /* DataProvider */ = {
			isa = PBXGroup;
			children = (
				8966CD3C2CF370FD00196AE3 /* AuthService */,
				8966CD4F2CF3B5E000196AE3 /* Request */,
			);
			path = DataProvider;
			sourceTree = "<group>";
		};
		8966CD4F2CF3B5E000196AE3 /* Request */ = {
			isa = PBXGroup;
			children = (
				8966CD502CF3B61D00196AE3 /* RegisterUserRequest.swift */,
				8966CD532CF3B8A900196AE3 /* LoginRequest.swift */,
				8966CD552CF3BAAD00196AE3 /* User.swift */,
			);
			path = Request;
			sourceTree = "<group>";
		};
		8966CD592CF3BEC000196AE3 /* Login */ = {
			isa = PBXGroup;
			children = (
				8966CD5A2CF3BEDD00196AE3 /* LoginViewController.swift */,
				8966CD5C2CF3BF4900196AE3 /* LoginViewModel.swift */,
				8966CD5E2CF3BF9200196AE3 /* LoginRouter.swift */,
				8966CD602CF3BFB000196AE3 /* LoginRoute.swift */,
			);
			path = Login;
			sourceTree = "<group>";
		};
		8966CD642CF4103700196AE3 /* Loading */ = {
			isa = PBXGroup;
			children = (
				8966CD652CF4104900196AE3 /* ActivityIndicatorProtocol.swift */,
				8966CD672CF4105A00196AE3 /* LoadingProtocol.swift */,
				8966CD692CF4107100196AE3 /* BlockingActivityIndicator.swift */,
			);
			path = Loading;
			sourceTree = "<group>";
		};
		8966CD6B2CF413A400196AE3 /* Utilities */ = {
			isa = PBXGroup;
			children = (
				8966CD6C2CF413B400196AE3 /* Constants */,
			);
			path = Utilities;
			sourceTree = "<group>";
		};
		8966CD6C2CF413B400196AE3 /* Constants */ = {
			isa = PBXGroup;
			children = (
				8966CD6D2CF413C400196AE3 /* Closures.swift */,
				2D639AAA2CF2699400C6E69A /* LocalTexts.swift */,
			);
			path = Constants;
			sourceTree = "<group>";
		};
		8966CD6F2CF4184F00196AE3 /* UIActivityIndicatorView */ = {
			isa = PBXGroup;
			children = (
				8966CD702CF4186200196AE3 /* ActivityIndicatorView.swift */,
			);
			path = UIActivityIndicatorView;
			sourceTree = "<group>";
		};
		8966CD722CF41C1700196AE3 /* Toast */ = {
			isa = PBXGroup;
			children = (
				8966CD762CF41D8200196AE3 /* ToastPresenter.swift */,
				8966CD782CF41DA200196AE3 /* ToastWarningView.swift */,
			);
			path = Toast;
			sourceTree = "<group>";
		};
		8966CD7C2CF439A300196AE3 /* Walkthrough */ = {
			isa = PBXGroup;
			children = (
				8966CD7D2CF439D500196AE3 /* WalkthroughViewController.swift */,
				8966CD7F2CF439F100196AE3 /* WalkthroughViewModel.swift */,
				8966CD812CF439FD00196AE3 /* WalkthroughRouter.swift */,
				8966CD832CF43A0600196AE3 /* WalkthroughRoute.swift */,
			);
			path = Walkthrough;
			sourceTree = "<group>";
		};
		8966CD852CF440D100196AE3 /* WalkthroughCell */ = {
			isa = PBXGroup;
			children = (
				8966CD862CF4415000196AE3 /* WalkthroughCell.swift */,
				8966CD8B2CF44A0B00196AE3 /* WalkthroughCellModel.swift */,
			);
			path = WalkthroughCell;
			sourceTree = "<group>";
		};
		8966CD882CF442CC00196AE3 /* Protocols */ = {
			isa = PBXGroup;
			children = (
				8966CD892CF442DB00196AE3 /* ReusableView.swift */,
			);
			path = Protocols;
			sourceTree = "<group>";
		};
		8966CD8D2CF44BB800196AE3 /* UIPageControl */ = {
			isa = PBXGroup;
			children = (
				8966CD8E2CF44BC900196AE3 /* PageControl.swift */,
			);
			path = UIPageControl;
			sourceTree = "<group>";
		};
		8966CD902CF4511600196AE3 /* Extensions */ = {
			isa = PBXGroup;
			children = (
				8966CD912CF4512500196AE3 /* UICollectionView+Extensions.swift */,
			);
			path = Extensions;
			sourceTree = "<group>";
		};
/* End PBXGroup section */

/* Begin PBXNativeTarget section */
		2D639A572CF249C400C6E69A /* LearnConnect */ = {
			isa = PBXNativeTarget;
			buildConfigurationList = 2D639A6C2CF249C700C6E69A /* Build configuration list for PBXNativeTarget "LearnConnect" */;
			buildPhases = (
				2D639A542CF249C400C6E69A /* Sources */,
				2D639A552CF249C400C6E69A /* Frameworks */,
				2D639A562CF249C400C6E69A /* Resources */,
			);
			buildRules = (
			);
			dependencies = (
			);
			name = LearnConnect;
			packageProductDependencies = (
				2D639A702CF24C6B00C6E69A /* TinyConstraints */,
				8966CD482CF384A200196AE3 /* FirebaseAuth */,
				8966CD4A2CF384A200196AE3 /* FirebaseFirestore */,
				8966CD4C2CF384B600196AE3 /* FirebaseCore */,
				8966CD742CF41C9C00196AE3 /* SwiftEntryKit */,
			);
			productName = LearnConnect;
			productReference = 2D639A582CF249C400C6E69A /* LearnConnect.app */;
			productType = "com.apple.product-type.application";
		};
/* End PBXNativeTarget section */

/* Begin PBXProject section */
		2D639A502CF249C400C6E69A /* Project object */ = {
			isa = PBXProject;
			attributes = {
				BuildIndependentTargetsInParallel = 1;
				LastSwiftUpdateCheck = 1510;
				LastUpgradeCheck = 1510;
				TargetAttributes = {
					2D639A572CF249C400C6E69A = {
						CreatedOnToolsVersion = 15.1;
					};
				};
			};
			buildConfigurationList = 2D639A532CF249C400C6E69A /* Build configuration list for PBXProject "LearnConnect" */;
			compatibilityVersion = "Xcode 14.0";
			developmentRegion = en;
			hasScannedForEncodings = 0;
			knownRegions = (
				en,
				Base,
			);
			mainGroup = 2D639A4F2CF249C400C6E69A;
			packageReferences = (
				2D639A6F2CF24C6B00C6E69A /* XCRemoteSwiftPackageReference "TinyConstraints" */,
				8966CD462CF3847700196AE3 /* XCRemoteSwiftPackageReference "firebase-ios-sdk" */,
				8966CD732CF41C9C00196AE3 /* XCRemoteSwiftPackageReference "SwiftEntryKit" */,
			);
			productRefGroup = 2D639A592CF249C400C6E69A /* Products */;
			projectDirPath = "";
			projectRoot = "";
			targets = (
				2D639A572CF249C400C6E69A /* LearnConnect */,
			);
		};
/* End PBXProject section */

/* Begin PBXResourcesBuildPhase section */
		2D639A562CF249C400C6E69A /* Resources */ = {
			isa = PBXResourcesBuildPhase;
			buildActionMask = 2147483647;
			files = (
				2D639A682CF249C700C6E69A /* LaunchScreen.storyboard in Resources */,
				2D639A652CF249C700C6E69A /* Assets.xcassets in Resources */,
				8966CD632CF3C6CF00196AE3 /* GoogleService-Info.plist in Resources */,
			);
			runOnlyForDeploymentPostprocessing = 0;
		};
/* End PBXResourcesBuildPhase section */

/* Begin PBXSourcesBuildPhase section */
		2D639A542CF249C400C6E69A /* Sources */ = {
			isa = PBXSourcesBuildPhase;
			buildActionMask = 2147483647;
			files = (
				8966CD822CF439FD00196AE3 /* WalkthroughRouter.swift in Sources */,
				8966CD5B2CF3BEDD00196AE3 /* LoginViewController.swift in Sources */,
				8966CD842CF43A0600196AE3 /* WalkthroughRoute.swift in Sources */,
				8966CD562CF3BAAD00196AE3 /* User.swift in Sources */,
				2D639A7A2CF2511400C6E69A /* Router.swift in Sources */,
				8966CD872CF4415000196AE3 /* WalkthroughCell.swift in Sources */,
				8966CD6A2CF4107100196AE3 /* BlockingActivityIndicator.swift in Sources */,
				2D639A902CF2531600C6E69A /* HomeRouter.swift in Sources */,
				8966CD922CF4512500196AE3 /* UICollectionView+Extensions.swift in Sources */,
				2D639A802CF251A700C6E69A /* PushTransition.swift in Sources */,
				8966CD772CF41D8200196AE3 /* ToastPresenter.swift in Sources */,
				2D639AA42CF25A7B00C6E69A /* FloatLabelTextField.swift in Sources */,
				2D639AA02CF257F600C6E69A /* RegisterRoute.swift in Sources */,
				8966CD3E2CF3712100196AE3 /* AuthService.swift in Sources */,
				8966CD792CF41DA200196AE3 /* ToastWarningView.swift in Sources */,
				8966CD5F2CF3BF9200196AE3 /* LoginRouter.swift in Sources */,
				8966CD8A2CF442DB00196AE3 /* ReusableView.swift in Sources */,
				8966CD612CF3BFB000196AE3 /* LoginRoute.swift in Sources */,
				8966CD682CF4105A00196AE3 /* LoadingProtocol.swift in Sources */,
				2D639A8A2CF2523700C6E69A /* BaseViewController.swift in Sources */,
				8966CD582CF3BC6B00196AE3 /* AlertManager.swift in Sources */,
				2D639A782CF2510700C6E69A /* Animator.swift in Sources */,
				8966CD802CF439F100196AE3 /* WalkthroughViewModel.swift in Sources */,
				8966CD712CF4186200196AE3 /* ActivityIndicatorView.swift in Sources */,
				8966CD7E2CF439D500196AE3 /* WalkthroughViewController.swift in Sources */,
				2D639A9B2CF256AE00C6E69A /* RegisterRouter.swift in Sources */,
				2D639A9D2CF256AE00C6E69A /* RegisterViewModel.swift in Sources */,
				2D639A8B2CF2523700C6E69A /* BaseViewModel.swift in Sources */,
				2D639A7C2CF2513900C6E69A /* ModalTransition.swift in Sources */,
				8966CD432CF3802F00196AE3 /* Validator.swift in Sources */,
				2D639A842CF251D200C6E69A /* AppRouter.swift in Sources */,
				8966CD512CF3B61D00196AE3 /* RegisterUserRequest.swift in Sources */,
				8966CD6E2CF413C400196AE3 /* Closures.swift in Sources */,
				8966CD8F2CF44BC900196AE3 /* PageControl.swift in Sources */,
				2D639A922CF2531600C6E69A /* HomeViewModel.swift in Sources */,
				2D639A942CF2532300C6E69A /* HomeRoute.swift in Sources */,
				8966CD662CF4104900196AE3 /* ActivityIndicatorProtocol.swift in Sources */,
				8966CD5D2CF3BF4900196AE3 /* LoginViewModel.swift in Sources */,
				8966CD542CF3B8A900196AE3 /* LoginRequest.swift in Sources */,
				2D639AAB2CF2699400C6E69A /* LocalTexts.swift in Sources */,
				8966CD7B2CF4207700196AE3 /* Validation.swift in Sources */,
				2D639A5C2CF249C400C6E69A /* AppDelegate.swift in Sources */,
				2D639A9C2CF256AE00C6E69A /* RegisterViewController.swift in Sources */,
				2D639A822CF251B800C6E69A /* Transition.swift in Sources */,
				2D639A912CF2531600C6E69A /* HomeViewController.swift in Sources */,
				2D639A7E2CF2519600C6E69A /* PlaceOnWindowTransition.swift in Sources */,
				8966CD8C2CF44A0B00196AE3 /* WalkthroughCellModel.swift in Sources */,
			);
			runOnlyForDeploymentPostprocessing = 0;
		};
/* End PBXSourcesBuildPhase section */

/* Begin PBXVariantGroup section */
		2D639A662CF249C700C6E69A /* LaunchScreen.storyboard */ = {
			isa = PBXVariantGroup;
			children = (
				2D639A672CF249C700C6E69A /* Base */,
			);
			name = LaunchScreen.storyboard;
			sourceTree = "<group>";
		};
/* End PBXVariantGroup section */

/* Begin XCBuildConfiguration section */
		2D639A6A2CF249C700C6E69A /* Debug */ = {
			isa = XCBuildConfiguration;
			buildSettings = {
				ALWAYS_SEARCH_USER_PATHS = NO;
				ASSETCATALOG_COMPILER_GENERATE_SWIFT_ASSET_SYMBOL_EXTENSIONS = YES;
				CLANG_ANALYZER_NONNULL = YES;
				CLANG_ANALYZER_NUMBER_OBJECT_CONVERSION = YES_AGGRESSIVE;
				CLANG_CXX_LANGUAGE_STANDARD = "gnu++20";
				CLANG_ENABLE_MODULES = YES;
				CLANG_ENABLE_OBJC_ARC = YES;
				CLANG_ENABLE_OBJC_WEAK = YES;
				CLANG_WARN_BLOCK_CAPTURE_AUTORELEASING = YES;
				CLANG_WARN_BOOL_CONVERSION = YES;
				CLANG_WARN_COMMA = YES;
				CLANG_WARN_CONSTANT_CONVERSION = YES;
				CLANG_WARN_DEPRECATED_OBJC_IMPLEMENTATIONS = YES;
				CLANG_WARN_DIRECT_OBJC_ISA_USAGE = YES_ERROR;
				CLANG_WARN_DOCUMENTATION_COMMENTS = YES;
				CLANG_WARN_EMPTY_BODY = YES;
				CLANG_WARN_ENUM_CONVERSION = YES;
				CLANG_WARN_INFINITE_RECURSION = YES;
				CLANG_WARN_INT_CONVERSION = YES;
				CLANG_WARN_NON_LITERAL_NULL_CONVERSION = YES;
				CLANG_WARN_OBJC_IMPLICIT_RETAIN_SELF = YES;
				CLANG_WARN_OBJC_LITERAL_CONVERSION = YES;
				CLANG_WARN_OBJC_ROOT_CLASS = YES_ERROR;
				CLANG_WARN_QUOTED_INCLUDE_IN_FRAMEWORK_HEADER = YES;
				CLANG_WARN_RANGE_LOOP_ANALYSIS = YES;
				CLANG_WARN_STRICT_PROTOTYPES = YES;
				CLANG_WARN_SUSPICIOUS_MOVE = YES;
				CLANG_WARN_UNGUARDED_AVAILABILITY = YES_AGGRESSIVE;
				CLANG_WARN_UNREACHABLE_CODE = YES;
				CLANG_WARN__DUPLICATE_METHOD_MATCH = YES;
				COPY_PHASE_STRIP = NO;
				DEBUG_INFORMATION_FORMAT = dwarf;
				ENABLE_STRICT_OBJC_MSGSEND = YES;
				ENABLE_TESTABILITY = YES;
				ENABLE_USER_SCRIPT_SANDBOXING = YES;
				GCC_C_LANGUAGE_STANDARD = gnu17;
				GCC_DYNAMIC_NO_PIC = NO;
				GCC_NO_COMMON_BLOCKS = YES;
				GCC_OPTIMIZATION_LEVEL = 0;
				GCC_PREPROCESSOR_DEFINITIONS = (
					"DEBUG=1",
					"$(inherited)",
				);
				GCC_WARN_64_TO_32_BIT_CONVERSION = YES;
				GCC_WARN_ABOUT_RETURN_TYPE = YES_ERROR;
				GCC_WARN_UNDECLARED_SELECTOR = YES;
				GCC_WARN_UNINITIALIZED_AUTOS = YES_AGGRESSIVE;
				GCC_WARN_UNUSED_FUNCTION = YES;
				GCC_WARN_UNUSED_VARIABLE = YES;
				IPHONEOS_DEPLOYMENT_TARGET = 17.2;
				LOCALIZATION_PREFERS_STRING_CATALOGS = YES;
				MTL_ENABLE_DEBUG_INFO = INCLUDE_SOURCE;
				MTL_FAST_MATH = YES;
				ONLY_ACTIVE_ARCH = YES;
				SDKROOT = iphoneos;
				SWIFT_ACTIVE_COMPILATION_CONDITIONS = "DEBUG $(inherited)";
				SWIFT_OPTIMIZATION_LEVEL = "-Onone";
			};
			name = Debug;
		};
		2D639A6B2CF249C700C6E69A /* Release */ = {
			isa = XCBuildConfiguration;
			buildSettings = {
				ALWAYS_SEARCH_USER_PATHS = NO;
				ASSETCATALOG_COMPILER_GENERATE_SWIFT_ASSET_SYMBOL_EXTENSIONS = YES;
				CLANG_ANALYZER_NONNULL = YES;
				CLANG_ANALYZER_NUMBER_OBJECT_CONVERSION = YES_AGGRESSIVE;
				CLANG_CXX_LANGUAGE_STANDARD = "gnu++20";
				CLANG_ENABLE_MODULES = YES;
				CLANG_ENABLE_OBJC_ARC = YES;
				CLANG_ENABLE_OBJC_WEAK = YES;
				CLANG_WARN_BLOCK_CAPTURE_AUTORELEASING = YES;
				CLANG_WARN_BOOL_CONVERSION = YES;
				CLANG_WARN_COMMA = YES;
				CLANG_WARN_CONSTANT_CONVERSION = YES;
				CLANG_WARN_DEPRECATED_OBJC_IMPLEMENTATIONS = YES;
				CLANG_WARN_DIRECT_OBJC_ISA_USAGE = YES_ERROR;
				CLANG_WARN_DOCUMENTATION_COMMENTS = YES;
				CLANG_WARN_EMPTY_BODY = YES;
				CLANG_WARN_ENUM_CONVERSION = YES;
				CLANG_WARN_INFINITE_RECURSION = YES;
				CLANG_WARN_INT_CONVERSION = YES;
				CLANG_WARN_NON_LITERAL_NULL_CONVERSION = YES;
				CLANG_WARN_OBJC_IMPLICIT_RETAIN_SELF = YES;
				CLANG_WARN_OBJC_LITERAL_CONVERSION = YES;
				CLANG_WARN_OBJC_ROOT_CLASS = YES_ERROR;
				CLANG_WARN_QUOTED_INCLUDE_IN_FRAMEWORK_HEADER = YES;
				CLANG_WARN_RANGE_LOOP_ANALYSIS = YES;
				CLANG_WARN_STRICT_PROTOTYPES = YES;
				CLANG_WARN_SUSPICIOUS_MOVE = YES;
				CLANG_WARN_UNGUARDED_AVAILABILITY = YES_AGGRESSIVE;
				CLANG_WARN_UNREACHABLE_CODE = YES;
				CLANG_WARN__DUPLICATE_METHOD_MATCH = YES;
				COPY_PHASE_STRIP = NO;
				DEBUG_INFORMATION_FORMAT = "dwarf-with-dsym";
				ENABLE_NS_ASSERTIONS = NO;
				ENABLE_STRICT_OBJC_MSGSEND = YES;
				ENABLE_USER_SCRIPT_SANDBOXING = YES;
				GCC_C_LANGUAGE_STANDARD = gnu17;
				GCC_NO_COMMON_BLOCKS = YES;
				GCC_WARN_64_TO_32_BIT_CONVERSION = YES;
				GCC_WARN_ABOUT_RETURN_TYPE = YES_ERROR;
				GCC_WARN_UNDECLARED_SELECTOR = YES;
				GCC_WARN_UNINITIALIZED_AUTOS = YES_AGGRESSIVE;
				GCC_WARN_UNUSED_FUNCTION = YES;
				GCC_WARN_UNUSED_VARIABLE = YES;
				IPHONEOS_DEPLOYMENT_TARGET = 17.2;
				LOCALIZATION_PREFERS_STRING_CATALOGS = YES;
				MTL_ENABLE_DEBUG_INFO = NO;
				MTL_FAST_MATH = YES;
				SDKROOT = iphoneos;
				SWIFT_COMPILATION_MODE = wholemodule;
				VALIDATE_PRODUCT = YES;
			};
			name = Release;
		};
		2D639A6D2CF249C700C6E69A /* Debug */ = {
			isa = XCBuildConfiguration;
			buildSettings = {
				ASSETCATALOG_COMPILER_APPICON_NAME = AppIcon;
				ASSETCATALOG_COMPILER_GLOBAL_ACCENT_COLOR_NAME = AccentColor;
				CODE_SIGN_STYLE = Automatic;
				CURRENT_PROJECT_VERSION = 1;
				DEVELOPMENT_TEAM = 6KBC8FTKD3;
				GENERATE_INFOPLIST_FILE = YES;
				INFOPLIST_FILE = LearnConnect/Info.plist;
				INFOPLIST_KEY_UIApplicationSupportsIndirectInputEvents = YES;
				INFOPLIST_KEY_UILaunchStoryboardName = LaunchScreen;
				INFOPLIST_KEY_UISupportedInterfaceOrientations_iPad = "UIInterfaceOrientationPortrait UIInterfaceOrientationPortraitUpsideDown UIInterfaceOrientationLandscapeLeft UIInterfaceOrientationLandscapeRight";
				INFOPLIST_KEY_UISupportedInterfaceOrientations_iPhone = "UIInterfaceOrientationPortrait UIInterfaceOrientationLandscapeLeft UIInterfaceOrientationLandscapeRight";
				LD_RUNPATH_SEARCH_PATHS = (
					"$(inherited)",
					"@executable_path/Frameworks",
				);
				MARKETING_VERSION = 1.0;
				PRODUCT_BUNDLE_IDENTIFIER = UmitBakiDikbiyik.LearnConnect;
				PRODUCT_NAME = "$(TARGET_NAME)";
				SUPPORTED_PLATFORMS = "iphoneos iphonesimulator";
				SUPPORTS_MACCATALYST = NO;
				SUPPORTS_MAC_DESIGNED_FOR_IPHONE_IPAD = NO;
				SUPPORTS_XR_DESIGNED_FOR_IPHONE_IPAD = NO;
				SWIFT_EMIT_LOC_STRINGS = YES;
				SWIFT_VERSION = 5.0;
				TARGETED_DEVICE_FAMILY = 1;
			};
			name = Debug;
		};
		2D639A6E2CF249C700C6E69A /* Release */ = {
			isa = XCBuildConfiguration;
			buildSettings = {
				ASSETCATALOG_COMPILER_APPICON_NAME = AppIcon;
				ASSETCATALOG_COMPILER_GLOBAL_ACCENT_COLOR_NAME = AccentColor;
				CODE_SIGN_STYLE = Automatic;
				CURRENT_PROJECT_VERSION = 1;
				DEVELOPMENT_TEAM = 6KBC8FTKD3;
				GENERATE_INFOPLIST_FILE = YES;
				INFOPLIST_FILE = LearnConnect/Info.plist;
				INFOPLIST_KEY_UIApplicationSupportsIndirectInputEvents = YES;
				INFOPLIST_KEY_UILaunchStoryboardName = LaunchScreen;
				INFOPLIST_KEY_UISupportedInterfaceOrientations_iPad = "UIInterfaceOrientationPortrait UIInterfaceOrientationPortraitUpsideDown UIInterfaceOrientationLandscapeLeft UIInterfaceOrientationLandscapeRight";
				INFOPLIST_KEY_UISupportedInterfaceOrientations_iPhone = "UIInterfaceOrientationPortrait UIInterfaceOrientationLandscapeLeft UIInterfaceOrientationLandscapeRight";
				LD_RUNPATH_SEARCH_PATHS = (
					"$(inherited)",
					"@executable_path/Frameworks",
				);
				MARKETING_VERSION = 1.0;
				PRODUCT_BUNDLE_IDENTIFIER = UmitBakiDikbiyik.LearnConnect;
				PRODUCT_NAME = "$(TARGET_NAME)";
				SUPPORTED_PLATFORMS = "iphoneos iphonesimulator";
				SUPPORTS_MACCATALYST = NO;
				SUPPORTS_MAC_DESIGNED_FOR_IPHONE_IPAD = NO;
				SUPPORTS_XR_DESIGNED_FOR_IPHONE_IPAD = NO;
				SWIFT_EMIT_LOC_STRINGS = YES;
				SWIFT_VERSION = 5.0;
				TARGETED_DEVICE_FAMILY = 1;
			};
			name = Release;
		};
/* End XCBuildConfiguration section */

/* Begin XCConfigurationList section */
		2D639A532CF249C400C6E69A /* Build configuration list for PBXProject "LearnConnect" */ = {
			isa = XCConfigurationList;
			buildConfigurations = (
				2D639A6A2CF249C700C6E69A /* Debug */,
				2D639A6B2CF249C700C6E69A /* Release */,
			);
			defaultConfigurationIsVisible = 0;
			defaultConfigurationName = Release;
		};
		2D639A6C2CF249C700C6E69A /* Build configuration list for PBXNativeTarget "LearnConnect" */ = {
			isa = XCConfigurationList;
			buildConfigurations = (
				2D639A6D2CF249C700C6E69A /* Debug */,
				2D639A6E2CF249C700C6E69A /* Release */,
			);
			defaultConfigurationIsVisible = 0;
			defaultConfigurationName = Release;
		};
/* End XCConfigurationList section */

/* Begin XCRemoteSwiftPackageReference section */
		2D639A6F2CF24C6B00C6E69A /* XCRemoteSwiftPackageReference "TinyConstraints" */ = {
			isa = XCRemoteSwiftPackageReference;
			repositoryURL = "https://github.com/roberthein/TinyConstraints.git";
			requirement = {
				kind = upToNextMajorVersion;
				minimumVersion = 4.0.2;
			};
		};
		8966CD462CF3847700196AE3 /* XCRemoteSwiftPackageReference "firebase-ios-sdk" */ = {
			isa = XCRemoteSwiftPackageReference;
			repositoryURL = "https://github.com/firebase/firebase-ios-sdk";
			requirement = {
				kind = upToNextMajorVersion;
				minimumVersion = 11.5.0;
			};
		};
		8966CD732CF41C9C00196AE3 /* XCRemoteSwiftPackageReference "SwiftEntryKit" */ = {
			isa = XCRemoteSwiftPackageReference;
			repositoryURL = "https://github.com/huri000/SwiftEntryKit";
			requirement = {
				kind = upToNextMajorVersion;
				minimumVersion = 2.0.0;
			};
		};
/* End XCRemoteSwiftPackageReference section */

/* Begin XCSwiftPackageProductDependency section */
		2D639A702CF24C6B00C6E69A /* TinyConstraints */ = {
			isa = XCSwiftPackageProductDependency;
			package = 2D639A6F2CF24C6B00C6E69A /* XCRemoteSwiftPackageReference "TinyConstraints" */;
			productName = TinyConstraints;
		};
		8966CD482CF384A200196AE3 /* FirebaseAuth */ = {
			isa = XCSwiftPackageProductDependency;
			package = 8966CD462CF3847700196AE3 /* XCRemoteSwiftPackageReference "firebase-ios-sdk" */;
			productName = FirebaseAuth;
		};
		8966CD4A2CF384A200196AE3 /* FirebaseFirestore */ = {
			isa = XCSwiftPackageProductDependency;
			package = 8966CD462CF3847700196AE3 /* XCRemoteSwiftPackageReference "firebase-ios-sdk" */;
			productName = FirebaseFirestore;
		};
		8966CD4C2CF384B600196AE3 /* FirebaseCore */ = {
			isa = XCSwiftPackageProductDependency;
			package = 8966CD462CF3847700196AE3 /* XCRemoteSwiftPackageReference "firebase-ios-sdk" */;
			productName = FirebaseCore;
		};
		8966CD742CF41C9C00196AE3 /* SwiftEntryKit */ = {
			isa = XCSwiftPackageProductDependency;
			package = 8966CD732CF41C9C00196AE3 /* XCRemoteSwiftPackageReference "SwiftEntryKit" */;
			productName = SwiftEntryKit;
		};
/* End XCSwiftPackageProductDependency section */
	};
	rootObject = 2D639A502CF249C400C6E69A /* Project object */;
}
